
Microsoft Visual Studio Solution File, Format Version 12.00
# Visual Studio Version 17
VisualStudioVersion = 17.7.34221.43
MinimumVisualStudioVersion = 10.0.40219.1
Project("{FAE04EC0-301F-11D3-BF4B-00C04F79EFBC}") = "Codility-CyclicRotation", "Codility-CyclicRotation\Codility-CyclicRotation.csproj", "{5D3468ED-837F-406C-8EA9-E7EC84DB63F0}"
EndProject
Project("{FAE04EC0-301F-11D3-BF4B-00C04F79EFBC}") = "Codility-CyclicRotationTests", "Codility-CyclicRotationTests\Codility-CyclicRotationTests.csproj", "{D069C664-CDD2-4CD3-82D4-CB25E8CBE8B3}"
EndProject
Global
	GlobalSection(SolutionConfigurationPlatforms) = preSolution
		Debug|Any CPU = Debug|Any CPU
		Release|Any CPU = Release|Any CPU
	EndGlobalSection
	GlobalSection(ProjectConfigurationPlatforms) = postSolution
		{5D3468ED-837F-406C-8EA9-E7EC84DB63F0}.Debug|Any CPU.ActiveCfg = Debug|Any CPU
		{5D3468ED-837F-406C-8EA9-E7EC84DB63F0}.Debug|Any CPU.Build.0 = Debug|Any CPU
		{5D3468ED-837F-406C-8EA9-E7EC84DB63F0}.Release|Any CPU.ActiveCfg = Release|Any CPU
		{5D3468ED-837F-406C-8EA9-E7EC84DB63F0}.Release|Any CPU.Build.0 = Release|Any CPU
		{D069C664-CDD2-4CD3-82D4-CB25E8CBE8B3}.Debug|Any CPU.ActiveCfg = Debug|Any CPU
		{D069C664-CDD2-4CD3-82D4-CB25E8CBE8B3}.Debug|Any CPU.Build.0 = Debug|Any CPU
		{D069C664-CDD2-4CD3-82D4-CB25E8CBE8B3}.Release|Any CPU.ActiveCfg = Release|Any CPU
		{D069C664-CDD2-4CD3-82D4-CB25E8CBE8B3}.Release|Any CPU.Build.0 = Release|Any CPU
	EndGlobalSection
	GlobalSection(SolutionProperties) = preSolution
		HideSolutionNode = FALSE
	EndGlobalSection
	GlobalSection(ExtensibilityGlobals) = postSolution
		SolutionGuid = {045BD367-9CF9-4A34-9B68-7C6418C413F2}
	EndGlobalSection
EndGlobal
